
Microsoft Visual Studio Solution File, Format Version 12.00
# Visual Studio Version 17
VisualStudioVersion = 17.7.34018.315
MinimumVisualStudioVersion = 10.0.40219.1
Project("{FAE04EC0-301F-11D3-BF4B-00C04F79EFBC}") = "FirstApp", "FirstApp\FirstApp.csproj", "{B0578D3F-BFCF-4AD7-8876-0AA0DCFBB5DE}"
EndProject
Project("{FAE04EC0-301F-11D3-BF4B-00C04F79EFBC}") = "Permutation", "Permutation\Permutation.csproj", "{E57F5DCA-B970-4E6B-B651-43C8CC4E8C12}"
EndProject
Project("{FAE04EC0-301F-11D3-BF4B-00C04F79EFBC}") = "arithmetic_mean", "arithmetic_mean\arithmetic_mean.csproj", "{03626723-F5D5-4B52-9E04-2025AF878DBB}"
EndProject
Project("{FAE04EC0-301F-11D3-BF4B-00C04F79EFBC}") = "reverse_order", "reverse_order\reverse_order.csproj", "{2F857D96-8137-46D4-B779-0BAFE534D69E}"
EndProject
Project("{FAE04EC0-301F-11D3-BF4B-00C04F79EFBC}") = "the_square_of_a_number", "the_square_of_a_number\the_square_of_a_number.csproj", "{DB66F2F3-76D7-4D3C-B8CC-C8A8C853F93B}"
EndProject
Project("{9A19103F-16F7-4668-BE54-9A1E7A4F7556}") = "paired _unpaired", "Hillel_course\Lesson_3\paired _unpaired\paired _unpaired.csproj", "{5231B2DF-638B-4E4F-999F-E94E4FBC7826}"
EndProject
Project("{FAE04EC0-301F-11D3-BF4B-00C04F79EFBC}") = "ConsoleApp1", "Hillel_course\Lesson_3\ConsoleApp1\ConsoleApp1.csproj", "{D464E24C-D37C-43CD-A9A5-DB5AB2E392D7}"
EndProject
Project("{9A19103F-16F7-4668-BE54-9A1E7A4F7556}") = "comparison", "Hillel_course\Lesson_3\comparison\comparison.csproj", "{56F393AD-8CB1-471C-AC57-F2810C806B1D}"
EndProject
Project("{9A19103F-16F7-4668-BE54-9A1E7A4F7556}") = "days_of_sunday", "Hillel_course\Lesson_3\days_of_sunday\days_of_sunday.csproj", "{3468A686-4DB1-4B48-8E99-F899586883AA}"
EndProject
Project("{9A19103F-16F7-4668-BE54-9A1E7A4F7556}") = "month_number", "Hillel_course\Lesson_3\month_number\month_number.csproj", "{FFC7180C-B265-4686-800B-A1C2765EA74C}"
EndProject
Project("{9A19103F-16F7-4668-BE54-9A1E7A4F7556}") = "Password", "Hillel_course\Lesson_4\Password\Password.csproj", "{4BFBD6B6-3987-4CA1-A34F-1AEEF5F120EB}"
EndProject
Project("{9A19103F-16F7-4668-BE54-9A1E7A4F7556}") = "Random", "Hillel_course\Lesson_4\Random\Random.csproj", "{D251359A-3FB9-41DB-89BC-1C96BB2B1F73}"
EndProject
Project("{9A19103F-16F7-4668-BE54-9A1E7A4F7556}") = "Return", "Hillel_course\Lesson_4\Return\Return.csproj", "{704732C1-77F3-4850-8601-41981764630A}"
EndProject
Project("{9A19103F-16F7-4668-BE54-9A1E7A4F7556}") = "From_right_to_left", "Hillel_course\Lesson_2\From_right_to_left\From_right_to_left.csproj", "{305A8B7C-1D03-4AA0-829D-526EB5D49D75}"
EndProject
Project("{9A19103F-16F7-4668-BE54-9A1E7A4F7556}") = "transposition", "Hillel_course\Lesson_2\transposition\transposition.csproj", "{7B59B0E2-8A8C-414F-A0C0-5EB8C9C036F4}"
EndProject
Project("{9A19103F-16F7-4668-BE54-9A1E7A4F7556}") = "square", "Hillel_course\Lesson_2\square\square.csproj", "{C05A5C5B-B58B-46DD-A94A-BEAB3AD6A1A3}"
EndProject
Project("{9A19103F-16F7-4668-BE54-9A1E7A4F7556}") = "Array_at_the_beginning", "Hillel_course\Lesson_5\Array_at_the_beginning\Array_at_the_beginning.csproj", "{9792211F-6838-4F4A-BF43-46D4B1348868}"
EndProject
Project("{FAE04EC0-301F-11D3-BF4B-00C04F79EFBC}") = "Element_minus_one", "Hillel_course\Lesson_5\Element_minus_one\Element_minus_one.csproj", "{31A30185-1EB5-4AA7-BCFA-E8E05AECA28D}"
EndProject
Project("{FAE04EC0-301F-11D3-BF4B-00C04F79EFBC}") = "Elements_of_the_first_and_second_array", "Hillel_course\Lesson_5\Elements_of_the_first_and_second_array\Elements_of_the_first_and_second_array.csproj", "{581BAB04-ED28-4EFC-AF85-866C901B27CA}"
EndProject
Global
	GlobalSection(SolutionConfigurationPlatforms) = preSolution
		Debug|Any CPU = Debug|Any CPU
		Release|Any CPU = Release|Any CPU
	EndGlobalSection
	GlobalSection(ProjectConfigurationPlatforms) = postSolution
		{B0578D3F-BFCF-4AD7-8876-0AA0DCFBB5DE}.Debug|Any CPU.ActiveCfg = Debug|Any CPU
		{B0578D3F-BFCF-4AD7-8876-0AA0DCFBB5DE}.Debug|Any CPU.Build.0 = Debug|Any CPU
		{B0578D3F-BFCF-4AD7-8876-0AA0DCFBB5DE}.Release|Any CPU.ActiveCfg = Release|Any CPU
		{B0578D3F-BFCF-4AD7-8876-0AA0DCFBB5DE}.Release|Any CPU.Build.0 = Release|Any CPU
		{E57F5DCA-B970-4E6B-B651-43C8CC4E8C12}.Debug|Any CPU.ActiveCfg = Debug|Any CPU
		{E57F5DCA-B970-4E6B-B651-43C8CC4E8C12}.Debug|Any CPU.Build.0 = Debug|Any CPU
		{E57F5DCA-B970-4E6B-B651-43C8CC4E8C12}.Release|Any CPU.ActiveCfg = Release|Any CPU
		{E57F5DCA-B970-4E6B-B651-43C8CC4E8C12}.Release|Any CPU.Build.0 = Release|Any CPU
		{03626723-F5D5-4B52-9E04-2025AF878DBB}.Debug|Any CPU.ActiveCfg = Debug|Any CPU
		{03626723-F5D5-4B52-9E04-2025AF878DBB}.Debug|Any CPU.Build.0 = Debug|Any CPU
		{03626723-F5D5-4B52-9E04-2025AF878DBB}.Release|Any CPU.ActiveCfg = Release|Any CPU
		{03626723-F5D5-4B52-9E04-2025AF878DBB}.Release|Any CPU.Build.0 = Release|Any CPU
		{2F857D96-8137-46D4-B779-0BAFE534D69E}.Debug|Any CPU.ActiveCfg = Debug|Any CPU
		{2F857D96-8137-46D4-B779-0BAFE534D69E}.Debug|Any CPU.Build.0 = Debug|Any CPU
		{2F857D96-8137-46D4-B779-0BAFE534D69E}.Release|Any CPU.ActiveCfg = Release|Any CPU
		{2F857D96-8137-46D4-B779-0BAFE534D69E}.Release|Any CPU.Build.0 = Release|Any CPU
		{DB66F2F3-76D7-4D3C-B8CC-C8A8C853F93B}.Debug|Any CPU.ActiveCfg = Debug|Any CPU
		{DB66F2F3-76D7-4D3C-B8CC-C8A8C853F93B}.Debug|Any CPU.Build.0 = Debug|Any CPU
		{DB66F2F3-76D7-4D3C-B8CC-C8A8C853F93B}.Release|Any CPU.ActiveCfg = Release|Any CPU
		{DB66F2F3-76D7-4D3C-B8CC-C8A8C853F93B}.Release|Any CPU.Build.0 = Release|Any CPU
		{5231B2DF-638B-4E4F-999F-E94E4FBC7826}.Debug|Any CPU.ActiveCfg = Debug|Any CPU
		{5231B2DF-638B-4E4F-999F-E94E4FBC7826}.Debug|Any CPU.Build.0 = Debug|Any CPU
		{5231B2DF-638B-4E4F-999F-E94E4FBC7826}.Release|Any CPU.ActiveCfg = Release|Any CPU
		{5231B2DF-638B-4E4F-999F-E94E4FBC7826}.Release|Any CPU.Build.0 = Release|Any CPU
		{D464E24C-D37C-43CD-A9A5-DB5AB2E392D7}.Debug|Any CPU.ActiveCfg = Debug|Any CPU
		{D464E24C-D37C-43CD-A9A5-DB5AB2E392D7}.Debug|Any CPU.Build.0 = Debug|Any CPU
		{D464E24C-D37C-43CD-A9A5-DB5AB2E392D7}.Release|Any CPU.ActiveCfg = Release|Any CPU
		{D464E24C-D37C-43CD-A9A5-DB5AB2E392D7}.Release|Any CPU.Build.0 = Release|Any CPU
		{56F393AD-8CB1-471C-AC57-F2810C806B1D}.Debug|Any CPU.ActiveCfg = Debug|Any CPU
		{56F393AD-8CB1-471C-AC57-F2810C806B1D}.Debug|Any CPU.Build.0 = Debug|Any CPU
		{56F393AD-8CB1-471C-AC57-F2810C806B1D}.Release|Any CPU.ActiveCfg = Release|Any CPU
		{56F393AD-8CB1-471C-AC57-F2810C806B1D}.Release|Any CPU.Build.0 = Release|Any CPU
		{3468A686-4DB1-4B48-8E99-F899586883AA}.Debug|Any CPU.ActiveCfg = Debug|Any CPU
		{3468A686-4DB1-4B48-8E99-F899586883AA}.Debug|Any CPU.Build.0 = Debug|Any CPU
		{3468A686-4DB1-4B48-8E99-F899586883AA}.Release|Any CPU.ActiveCfg = Release|Any CPU
		{3468A686-4DB1-4B48-8E99-F899586883AA}.Release|Any CPU.Build.0 = Release|Any CPU
		{FFC7180C-B265-4686-800B-A1C2765EA74C}.Debug|Any CPU.ActiveCfg = Debug|Any CPU
		{FFC7180C-B265-4686-800B-A1C2765EA74C}.Debug|Any CPU.Build.0 = Debug|Any CPU
		{FFC7180C-B265-4686-800B-A1C2765EA74C}.Release|Any CPU.ActiveCfg = Release|Any CPU
		{FFC7180C-B265-4686-800B-A1C2765EA74C}.Release|Any CPU.Build.0 = Release|Any CPU
		{4BFBD6B6-3987-4CA1-A34F-1AEEF5F120EB}.Debug|Any CPU.ActiveCfg = Debug|Any CPU
		{4BFBD6B6-3987-4CA1-A34F-1AEEF5F120EB}.Debug|Any CPU.Build.0 = Debug|Any CPU
		{4BFBD6B6-3987-4CA1-A34F-1AEEF5F120EB}.Release|Any CPU.ActiveCfg = Release|Any CPU
		{4BFBD6B6-3987-4CA1-A34F-1AEEF5F120EB}.Release|Any CPU.Build.0 = Release|Any CPU
		{D251359A-3FB9-41DB-89BC-1C96BB2B1F73}.Debug|Any CPU.ActiveCfg = Debug|Any CPU
		{D251359A-3FB9-41DB-89BC-1C96BB2B1F73}.Debug|Any CPU.Build.0 = Debug|Any CPU
		{D251359A-3FB9-41DB-89BC-1C96BB2B1F73}.Release|Any CPU.ActiveCfg = Release|Any CPU
		{D251359A-3FB9-41DB-89BC-1C96BB2B1F73}.Release|Any CPU.Build.0 = Release|Any CPU
		{704732C1-77F3-4850-8601-41981764630A}.Debug|Any CPU.ActiveCfg = Debug|Any CPU
		{704732C1-77F3-4850-8601-41981764630A}.Debug|Any CPU.Build.0 = Debug|Any CPU
		{704732C1-77F3-4850-8601-41981764630A}.Release|Any CPU.ActiveCfg = Release|Any CPU
		{704732C1-77F3-4850-8601-41981764630A}.Release|Any CPU.Build.0 = Release|Any CPU
		{305A8B7C-1D03-4AA0-829D-526EB5D49D75}.Debug|Any CPU.ActiveCfg = Debug|Any CPU
		{305A8B7C-1D03-4AA0-829D-526EB5D49D75}.Debug|Any CPU.Build.0 = Debug|Any CPU
		{305A8B7C-1D03-4AA0-829D-526EB5D49D75}.Release|Any CPU.ActiveCfg = Release|Any CPU
		{305A8B7C-1D03-4AA0-829D-526EB5D49D75}.Release|Any CPU.Build.0 = Release|Any CPU
		{7B59B0E2-8A8C-414F-A0C0-5EB8C9C036F4}.Debug|Any CPU.ActiveCfg = Debug|Any CPU
		{7B59B0E2-8A8C-414F-A0C0-5EB8C9C036F4}.Debug|Any CPU.Build.0 = Debug|Any CPU
		{7B59B0E2-8A8C-414F-A0C0-5EB8C9C036F4}.Release|Any CPU.ActiveCfg = Release|Any CPU
		{7B59B0E2-8A8C-414F-A0C0-5EB8C9C036F4}.Release|Any CPU.Build.0 = Release|Any CPU
		{C05A5C5B-B58B-46DD-A94A-BEAB3AD6A1A3}.Debug|Any CPU.ActiveCfg = Debug|Any CPU
		{C05A5C5B-B58B-46DD-A94A-BEAB3AD6A1A3}.Debug|Any CPU.Build.0 = Debug|Any CPU
		{C05A5C5B-B58B-46DD-A94A-BEAB3AD6A1A3}.Release|Any CPU.ActiveCfg = Release|Any CPU
		{C05A5C5B-B58B-46DD-A94A-BEAB3AD6A1A3}.Release|Any CPU.Build.0 = Release|Any CPU
		{9792211F-6838-4F4A-BF43-46D4B1348868}.Debug|Any CPU.ActiveCfg = Debug|Any CPU
		{9792211F-6838-4F4A-BF43-46D4B1348868}.Debug|Any CPU.Build.0 = Debug|Any CPU
		{9792211F-6838-4F4A-BF43-46D4B1348868}.Release|Any CPU.ActiveCfg = Release|Any CPU
		{9792211F-6838-4F4A-BF43-46D4B1348868}.Release|Any CPU.Build.0 = Release|Any CPU
		{31A30185-1EB5-4AA7-BCFA-E8E05AECA28D}.Debug|Any CPU.ActiveCfg = Debug|Any CPU
		{31A30185-1EB5-4AA7-BCFA-E8E05AECA28D}.Debug|Any CPU.Build.0 = Debug|Any CPU
		{31A30185-1EB5-4AA7-BCFA-E8E05AECA28D}.Release|Any CPU.ActiveCfg = Release|Any CPU
		{31A30185-1EB5-4AA7-BCFA-E8E05AECA28D}.Release|Any CPU.Build.0 = Release|Any CPU
		{581BAB04-ED28-4EFC-AF85-866C901B27CA}.Debug|Any CPU.ActiveCfg = Debug|Any CPU
		{581BAB04-ED28-4EFC-AF85-866C901B27CA}.Debug|Any CPU.Build.0 = Debug|Any CPU
		{581BAB04-ED28-4EFC-AF85-866C901B27CA}.Release|Any CPU.ActiveCfg = Release|Any CPU
		{581BAB04-ED28-4EFC-AF85-866C901B27CA}.Release|Any CPU.Build.0 = Release|Any CPU
	EndGlobalSection
	GlobalSection(SolutionProperties) = preSolution
		HideSolutionNode = FALSE
	EndGlobalSection
	GlobalSection(ExtensibilityGlobals) = postSolution
		SolutionGuid = {249FE542-FC8B-453A-93AE-07404F60BC54}
	EndGlobalSection
EndGlobal
