
Microsoft Visual Studio Solution File, Format Version 12.00
# Visual Studio Version 17
VisualStudioVersion = 17.7.34018.315
MinimumVisualStudioVersion = 10.0.40219.1
Project("{FAE04EC0-301F-11D3-BF4B-00C04F79EFBC}") = "FirstApp", "FirstApp\FirstApp.csproj", "{B0578D3F-BFCF-4AD7-8876-0AA0DCFBB5DE}"
EndProject
Project("{FAE04EC0-301F-11D3-BF4B-00C04F79EFBC}") = "Permutation", "Permutation\Permutation.csproj", "{E57F5DCA-B970-4E6B-B651-43C8CC4E8C12}"
EndProject
Project("{FAE04EC0-301F-11D3-BF4B-00C04F79EFBC}") = "arithmetic_mean", "arithmetic_mean\arithmetic_mean.csproj", "{03626723-F5D5-4B52-9E04-2025AF878DBB}"
EndProject
Project("{FAE04EC0-301F-11D3-BF4B-00C04F79EFBC}") = "reverse_order", "reverse_order\reverse_order.csproj", "{2F857D96-8137-46D4-B779-0BAFE534D69E}"
EndProject
Project("{FAE04EC0-301F-11D3-BF4B-00C04F79EFBC}") = "the_square_of_a_number", "the_square_of_a_number\the_square_of_a_number.csproj", "{DB66F2F3-76D7-4D3C-B8CC-C8A8C853F93B}"
EndProject
Project("{FAE04EC0-301F-11D3-BF4B-00C04F79EFBC}") = "paired _unpaired", "Hillel_course\Lesson_3\paired _unpaired\paired _unpaired.csproj", "{5231B2DF-638B-4E4F-999F-E94E4FBC7826}"
EndProject
Global
	GlobalSection(SolutionConfigurationPlatforms) = preSolution
		Debug|Any CPU = Debug|Any CPU
		Release|Any CPU = Release|Any CPU
	EndGlobalSection
	GlobalSection(ProjectConfigurationPlatforms) = postSolution
		{B0578D3F-BFCF-4AD7-8876-0AA0DCFBB5DE}.Debug|Any CPU.ActiveCfg = Debug|Any CPU
		{B0578D3F-BFCF-4AD7-8876-0AA0DCFBB5DE}.Debug|Any CPU.Build.0 = Debug|Any CPU
		{B0578D3F-BFCF-4AD7-8876-0AA0DCFBB5DE}.Release|Any CPU.ActiveCfg = Release|Any CPU
		{B0578D3F-BFCF-4AD7-8876-0AA0DCFBB5DE}.Release|Any CPU.Build.0 = Release|Any CPU
		{E57F5DCA-B970-4E6B-B651-43C8CC4E8C12}.Debug|Any CPU.ActiveCfg = Debug|Any CPU
		{E57F5DCA-B970-4E6B-B651-43C8CC4E8C12}.Debug|Any CPU.Build.0 = Debug|Any CPU
		{E57F5DCA-B970-4E6B-B651-43C8CC4E8C12}.Release|Any CPU.ActiveCfg = Release|Any CPU
		{E57F5DCA-B970-4E6B-B651-43C8CC4E8C12}.Release|Any CPU.Build.0 = Release|Any CPU
		{03626723-F5D5-4B52-9E04-2025AF878DBB}.Debug|Any CPU.ActiveCfg = Debug|Any CPU
		{03626723-F5D5-4B52-9E04-2025AF878DBB}.Debug|Any CPU.Build.0 = Debug|Any CPU
		{03626723-F5D5-4B52-9E04-2025AF878DBB}.Release|Any CPU.ActiveCfg = Release|Any CPU
		{03626723-F5D5-4B52-9E04-2025AF878DBB}.Release|Any CPU.Build.0 = Release|Any CPU
		{2F857D96-8137-46D4-B779-0BAFE534D69E}.Debug|Any CPU.ActiveCfg = Debug|Any CPU
		{2F857D96-8137-46D4-B779-0BAFE534D69E}.Debug|Any CPU.Build.0 = Debug|Any CPU
		{2F857D96-8137-46D4-B779-0BAFE534D69E}.Release|Any CPU.ActiveCfg = Release|Any CPU
		{2F857D96-8137-46D4-B779-0BAFE534D69E}.Release|Any CPU.Build.0 = Release|Any CPU
		{DB66F2F3-76D7-4D3C-B8CC-C8A8C853F93B}.Debug|Any CPU.ActiveCfg = Debug|Any CPU
		{DB66F2F3-76D7-4D3C-B8CC-C8A8C853F93B}.Debug|Any CPU.Build.0 = Debug|Any CPU
		{DB66F2F3-76D7-4D3C-B8CC-C8A8C853F93B}.Release|Any CPU.ActiveCfg = Release|Any CPU
		{DB66F2F3-76D7-4D3C-B8CC-C8A8C853F93B}.Release|Any CPU.Build.0 = Release|Any CPU
		{5231B2DF-638B-4E4F-999F-E94E4FBC7826}.Debug|Any CPU.ActiveCfg = Debug|Any CPU
		{5231B2DF-638B-4E4F-999F-E94E4FBC7826}.Debug|Any CPU.Build.0 = Debug|Any CPU
		{5231B2DF-638B-4E4F-999F-E94E4FBC7826}.Release|Any CPU.ActiveCfg = Release|Any CPU
		{5231B2DF-638B-4E4F-999F-E94E4FBC7826}.Release|Any CPU.Build.0 = Release|Any CPU
	EndGlobalSection
	GlobalSection(SolutionProperties) = preSolution
		HideSolutionNode = FALSE
	EndGlobalSection
	GlobalSection(ExtensibilityGlobals) = postSolution
		SolutionGuid = {249FE542-FC8B-453A-93AE-07404F60BC54}
	EndGlobalSection
EndGlobal
